Microsoft Visual Studio Solution File, Format Version 12.00
# Visual Studio Express 2013 for Windows Desktop
Project("{8BC9CEB8-8B4A-11D0-8D11-00A0C91BC942}") = "ALL_BUILD", "ALL_BUILD.vcxproj", "{F42CF292-2763-3D86-9DF6-243714B80494}"
	ProjectSection(ProjectDependencies) = postProject
		{B9B88DC7-CC5B-34E8-BFFF-B0696429DAA0} = {B9B88DC7-CC5B-34E8-BFFF-B0696429DAA0}
		{17501129-71C1-3AE1-BE8F-3598E76B5536} = {17501129-71C1-3AE1-BE8F-3598E76B5536}
	EndProjectSection
EndProject
Project("{8BC9CEB8-8B4A-11D0-8D11-00A0C91BC942}") = "ZERO_CHECK", "..\\ZERO_CHECK.vcxproj", "{B9B88DC7-CC5B-34E8-BFFF-B0696429DAA0}"
	ProjectSection(ProjectDependencies) = postProject
	EndProjectSection
EndProject
Project("{8BC9CEB8-8B4A-11D0-8D11-00A0C91BC942}") = "client", "client.vcxproj", "{17501129-71C1-3AE1-BE8F-3598E76B5536}"
	ProjectSection(ProjectDependencies) = postProject
		{B9B88DC7-CC5B-34E8-BFFF-B0696429DAA0} = {B9B88DC7-CC5B-34E8-BFFF-B0696429DAA0}
	EndProjectSection
EndProject
Global
	GlobalSection(SolutionConfigurationPlatforms) = preSolution
		Debug|Win32 = Debug|Win32
		Release|Win32 = Release|Win32
		MinSizeRel|Win32 = MinSizeRel|Win32
		RelWithDebInfo|Win32 = RelWithDebInfo|Win32
	EndGlobalSection
	GlobalSection(ProjectConfigurationPlatforms) = postSolution
		{F42CF292-2763-3D86-9DF6-243714B80494}.Debug|Win32.ActiveCfg = Debug|Win32
		{F42CF292-2763-3D86-9DF6-243714B80494}.Release|Win32.ActiveCfg = Release|Win32
		{F42CF292-2763-3D86-9DF6-243714B80494}.MinSizeRel|Win32.ActiveCfg = MinSizeRel|Win32
		{F42CF292-2763-3D86-9DF6-243714B80494}.RelWithDebInfo|Win32.ActiveCfg = RelWithDebInfo|Win32
		{B9B88DC7-CC5B-34E8-BFFF-B0696429DAA0}.Debug|Win32.ActiveCfg = Debug|Win32
		{B9B88DC7-CC5B-34E8-BFFF-B0696429DAA0}.Debug|Win32.Build.0 = Debug|Win32
		{B9B88DC7-CC5B-34E8-BFFF-B0696429DAA0}.Release|Win32.ActiveCfg = Release|Win32
		{B9B88DC7-CC5B-34E8-BFFF-B0696429DAA0}.Release|Win32.Build.0 = Release|Win32
		{B9B88DC7-CC5B-34E8-BFFF-B0696429DAA0}.MinSizeRel|Win32.ActiveCfg = MinSizeRel|Win32
		{B9B88DC7-CC5B-34E8-BFFF-B0696429DAA0}.MinSizeRel|Win32.Build.0 = MinSizeRel|Win32
		{B9B88DC7-CC5B-34E8-BFFF-B0696429DAA0}.RelWithDebInfo|Win32.ActiveCfg = RelWithDebInfo|Win32
		{B9B88DC7-CC5B-34E8-BFFF-B0696429DAA0}.RelWithDebInfo|Win32.Build.0 = RelWithDebInfo|Win32
		{17501129-71C1-3AE1-BE8F-3598E76B5536}.Debug|Win32.ActiveCfg = Debug|Win32
		{17501129-71C1-3AE1-BE8F-3598E76B5536}.Debug|Win32.Build.0 = Debug|Win32
		{17501129-71C1-3AE1-BE8F-3598E76B5536}.Release|Win32.ActiveCfg = Release|Win32
		{17501129-71C1-3AE1-BE8F-3598E76B5536}.Release|Win32.Build.0 = Release|Win32
		{17501129-71C1-3AE1-BE8F-3598E76B5536}.MinSizeRel|Win32.ActiveCfg = MinSizeRel|Win32
		{17501129-71C1-3AE1-BE8F-3598E76B5536}.MinSizeRel|Win32.Build.0 = MinSizeRel|Win32
		{17501129-71C1-3AE1-BE8F-3598E76B5536}.RelWithDebInfo|Win32.ActiveCfg = RelWithDebInfo|Win32
		{17501129-71C1-3AE1-BE8F-3598E76B5536}.RelWithDebInfo|Win32.Build.0 = RelWithDebInfo|Win32
	EndGlobalSection
	GlobalSection(ExtensibilityGlobals) = postSolution
	EndGlobalSection
	GlobalSection(ExtensibilityAddIns) = postSolution
	EndGlobalSection
EndGlobal
